# THIS IS AN AUTOGENERATED FILE. DO NOT EDIT THIS FILE DIRECTLY.
# yarn lockfile v1


"@discordjs/builders@^0.11.0":
  version "0.11.0"
  resolved "https://registry.yarnpkg.com/@discordjs/builders/-/builders-0.11.0.tgz#4102abe3e0cd093501f3f71931df43eb92f5b0cc"
  integrity sha512-ZTB8yJdJKrKlq44dpWkNUrAtEJEq0gqpb7ASdv4vmq6/mZal5kOv312hQ56I/vxwMre+VIkoHquNUAfnTbiYtg==
  dependencies:
    "@sindresorhus/is" "^4.2.0"
    discord-api-types "^0.26.0"
    ts-mixer "^6.0.0"
    tslib "^2.3.1"
    zod "^3.11.6"

"@discordjs/builders@^0.12.0":
  version "0.12.0"
  resolved "https://registry.yarnpkg.com/@discordjs/builders/-/builders-0.12.0.tgz#5f6d95d1b231fa975a7e28ca3f8098e517676887"
  integrity sha512-Vx2MjUZd6QVo1uS2uWt708Fd6cHWGFblAvbpL5EBO+kLl0BADmPwwvts+YJ/VfSywed6Vsk6K2cEooR/Ytjhjw==
  dependencies:
    "@sindresorhus/is" "^4.3.0"
    discord-api-types "^0.26.1"
    ts-mixer "^6.0.0"
    tslib "^2.3.1"
    zod "^3.11.6"

"@discordjs/collection@^0.4.0":
  version "0.4.0"
  resolved "https://registry.yarnpkg.com/@discordjs/collection/-/collection-0.4.0.tgz#b6488286a1cc7b41b644d7e6086f25a1c1e6f837"
  integrity sha512-zmjq+l/rV35kE6zRrwe8BHqV78JvIh2ybJeZavBi5NySjWXqN3hmmAKg7kYMMXSeiWtSsMoZ/+MQi0DiQWy2lw==

"@discordjs/rest@^0.3.0":
  version "0.3.0"
  resolved "https://registry.yarnpkg.com/@discordjs/rest/-/rest-0.3.0.tgz#89e06a42b168c91598891d6bf860353e28fba5d2"
  integrity sha512-F9aeP3odlAlllM1ciBZLdd+adiAyBj4VaZBejj4UMj4afE2wfCkNTGvYYiRxrXUE9fN7e/BuDP2ePl0tVA2m7Q==
  dependencies:
    "@discordjs/collection" "^0.4.0"
    "@sapphire/async-queue" "^1.1.9"
    "@sapphire/snowflake" "^3.0.1"
    discord-api-types "^0.26.1"
    form-data "^4.0.0"
    node-fetch "^2.6.5"
    tslib "^2.3.1"

"@prisma/client@^3.10.0":
  version "3.11.0"
  resolved "https://registry.yarnpkg.com/@prisma/client/-/client-3.11.0.tgz#6aa05165b641578c74816aaa15b389e0062318ee"
  integrity sha512-d42o/tlalaWMmNOR4r5BiR6YYTYEV82eZ2lNKOm5ht3WyYwI9e+zy2MyZnNO4Fx5e08RAhW+GRVcEgKl5faUaQ==
  dependencies:
    "@prisma/engines-version" "3.11.0-48.b371888aaf8f51357c7457d836b86d12da91658b"

"@prisma/engines-version@3.11.0-48.b371888aaf8f51357c7457d836b86d12da91658b":
  version "3.11.0-48.b371888aaf8f51357c7457d836b86d12da91658b"
  resolved "https://registry.yarnpkg.com/@prisma/engines-version/-/engines-version-3.11.0-48.b371888aaf8f51357c7457d836b86d12da91658b.tgz#808ab9636184e4a0b2bf79016d6ed72c4a1ed54f"
  integrity sha512-bhMW1XybXZyqCf+9QqjP7Oi7xgVHcISVyOZNMm51qeZsy12M1RtHaCcXUFeMMV0JOCZZuPFVr3+0KVpQqK35CQ==

"@prisma/engines@3.11.0-48.b371888aaf8f51357c7457d836b86d12da91658b":
  version "3.11.0-48.b371888aaf8f51357c7457d836b86d12da91658b"
  resolved "https://registry.yarnpkg.com/@prisma/engines/-/engines-3.11.0-48.b371888aaf8f51357c7457d836b86d12da91658b.tgz#4c1093f7b24c433a9cef2e60f13f57f7c89b5cfa"
  integrity sha512-m9iZd5F5vP6A2IvKWfHpOO/qK8OOO9nbsV/pdyEkF/1WNe0E8SIWFBKb+HcMLkG9OFbDDBy8QItXmp/mIULuwQ==

"@sapphire/async-queue@^1.1.9":
  version "1.3.0"
  resolved "https://registry.yarnpkg.com/@sapphire/async-queue/-/async-queue-1.3.0.tgz#98b1b364a5fe820366a786827f2e987590de5964"
  integrity sha512-z+CDw5X4UgIEpZL8KM+ThVx1i8V60HBg0l/oFewTNbQQeRDJHdVxHyJykv+SF1H+Rc8EkMS81VTWo95jVYgO/g==

"@sapphire/snowflake@^3.0.1":
  version "3.2.0"
  resolved "https://registry.yarnpkg.com/@sapphire/snowflake/-/snowflake-3.2.0.tgz#fa915798d0a0ce5fa93b16c793185ae5d0a3f117"
  integrity sha512-tfHzY+6/5bbHdB+uNqsEQ5rhjaZAoFUrqP/l1S5jwxMdKeSCIiGkJjcE99/WGGdzyWGjTNgNVX/dt4Me/FdMlg==

"@sindresorhus/is@^4.2.0", "@sindresorhus/is@^4.3.0":
  version "4.6.0"
  resolved "https://registry.yarnpkg.com/@sindresorhus/is/-/is-4.6.0.tgz#3c7c9c46e678feefe7a2e5bb609d3dbd665ffb3f"
  integrity sha512-t09vSN3MdfsyCHoFcTRCH/iUtG7OJ0CsjzB8cjAmKc/va/kIgeDI/TxsigdncE/4be734m0cvIYwNaV4i2XqAw==

"@swc/core-android-arm-eabi@1.2.160":
  version "1.2.160"
  resolved "https://registry.yarnpkg.com/@swc/core-android-arm-eabi/-/core-android-arm-eabi-1.2.160.tgz#f5aaf852e9d104b4ad58d34851bac3bd41a64a60"
  integrity sha512-VzFP7tYgvpkUhd8wgyNtERqvoPBBDretyMFxAxPe2SxClaBs9Ka95PdiPPZalRq+vFCb/dFxD8Vhz+XO16Kpjg==

"@swc/core-android-arm64@1.2.160":
  version "1.2.160"
  resolved "https://registry.yarnpkg.com/@swc/core-android-arm64/-/core-android-arm64-1.2.160.tgz#458f7e6aff52958e0764c34500528c18bbb31894"
  integrity sha512-m+xqQaa7TqW3Vm9MUvITtdU8OlAc/9yT+TgOS4l8WlfFI87IDnLLfinKKEp+xfKwzYDdIsh+sC+jdGdIBTMB+Q==

"@swc/core-darwin-arm64@1.2.160":
  version "1.2.160"
  resolved "https://registry.yarnpkg.com/@swc/core-darwin-arm64/-/core-darwin-arm64-1.2.160.tgz#34d48b449de0eae9fddd71b064d36aa5353f22cc"
  integrity sha512-9bG70KYKvjNf7tZtjOu1h4kDZPtoidZptIXPGSHuUgJ1BbSJYpfRR5xAmq4k37+GqOjIPJp4+lSGQPa2HfejpA==

"@swc/core-darwin-x64@1.2.160":
  version "1.2.160"
  resolved "https://registry.yarnpkg.com/@swc/core-darwin-x64/-/core-darwin-x64-1.2.160.tgz#109d92457df928717c73055f01c99ca88815000d"
  integrity sha512-+b4HdKAVf/XPZ9DjgG2axGLbquPEuYwEP3zeWgbWn0s0FYQ7WTFxznf3YrTJE9MYadJeCOs3U80E2xVAtRRS9Q==

"@swc/core-freebsd-x64@1.2.160":
  version "1.2.160"
  resolved "https://registry.yarnpkg.com/@swc/core-freebsd-x64/-/core-freebsd-x64-1.2.160.tgz#debdccce0129aa856e496f06981cc8e8271fcb41"
  integrity sha512-E5agJwv+RVMoZ8FQIPSO5wLPDQx6jqcMpV207EB3pPaxPWGe4n3DH3vcibHp80RACDNdiaqo5lBeBnGJI4ithw==

"@swc/core-linux-arm-gnueabihf@1.2.160":
  version "1.2.160"
  resolved "https://registry.yarnpkg.com/@swc/core-linux-arm-gnueabihf/-/core-linux-arm-gnueabihf-1.2.160.tgz#27669f1084c152153c017fc320b6a92cd6b71244"
  integrity sha512-uCttZRNx+lWVhCYGC6/pGUej08g1SQc5am6R9NVFh111goytcdlPnC4jV8oWzq2QhDWkkKxLoP2CZOytzI4+0w==

"@swc/core-linux-arm64-gnu@1.2.160":
  version "1.2.160"
  resolved "https://registry.yarnpkg.com/@swc/core-linux-arm64-gnu/-/core-linux-arm64-gnu-1.2.160.tgz#a8ecadee30639c298e9c2175099d55c1c82f912e"
  integrity sha512-sB18roiv8m/zsY6tXLSrbUls0eKkSkxOEF0ennXVEtz97rMJ+WWnkOc8gI+rUpj3MHbVAIxyDNyyZU4cH5g1jQ==

"@swc/core-linux-arm64-musl@1.2.160":
  version "1.2.160"
  resolved "https://registry.yarnpkg.com/@swc/core-linux-arm64-musl/-/core-linux-arm64-musl-1.2.160.tgz#1a2cf738c8a394fcb21fe91f13b1fb9c775cca0b"
  integrity sha512-PJ7Ukb+BRR3pGYcUag8qRWOB11eByc5YLx/xAMSc3bRmaYW/oj6s8k+1DYiR//BAuNQdf14MpMFzDuWiDEUh7A==

"@swc/core-linux-x64-gnu@1.2.160":
  version "1.2.160"
  resolved "https://registry.yarnpkg.com/@swc/core-linux-x64-gnu/-/core-linux-x64-gnu-1.2.160.tgz#f54c4e0510b69d68f56e681050b717991627ad68"
  integrity sha512-wVh8Q86xz3t0y5zoUryWQ64bFG/YxdcykBgaog8lU9xkFb1KSqVRE9ia7aKA12/ZtAfpJZLRBleZxBAcaCg9FQ==

"@swc/core-linux-x64-musl@1.2.160":
  version "1.2.160"
  resolved "https://registry.yarnpkg.com/@swc/core-linux-x64-musl/-/core-linux-x64-musl-1.2.160.tgz#6f8ec092d8b65a9750faf0a2323b52f39c5bd540"
  integrity sha512-AnWdarl9WWuDdbc2AX1w76W1jaekSCokxRrWdSGUgQytaZRtybKZEgThvJCQDrSlYQD4XDOhhVRCurTvy4JsfQ==

"@swc/core-win32-arm64-msvc@1.2.160":
  version "1.2.160"
  resolved "https://registry.yarnpkg.com/@swc/core-win32-arm64-msvc/-/core-win32-arm64-msvc-1.2.160.tgz#b4f226ab86e550762b5cc83d0ebe4cf43f1a3624"
  integrity sha512-ScL27mZRTwEIqBIv9RY34nQvyBvhosiM5Lus4dCFmS71flPcAEv7hJgy4GE3YUQV0ryGNK9NaO43H8sAyNwKVQ==

"@swc/core-win32-ia32-msvc@1.2.160":
  version "1.2.160"
  resolved "https://registry.yarnpkg.com/@swc/core-win32-ia32-msvc/-/core-win32-ia32-msvc-1.2.160.tgz#243bb5b15eab76f4c8f004381d63c6d72a8cef68"
  integrity sha512-e75zbWlhlyrd5HdrYzELa6OlZxgyaVpJj+c9xMD95HcdklVbmsyt1vuqRxMyqaZUDLyehwwCDRX/ZeDme//M/A==

"@swc/core-win32-x64-msvc@1.2.160":
  version "1.2.160"
  resolved "https://registry.yarnpkg.com/@swc/core-win32-x64-msvc/-/core-win32-x64-msvc-1.2.160.tgz#8708986433e891687bb4a836a683f90bc95e1fce"
  integrity sha512-GAYT+WzYQY4sr17S21yJh4flJp/sQ62mAs6RfN89p7jIWgm0Bl/SooRl6ocsftTlnZm7K7QC8zmQVeNCWDCLPw==

"@swc/core@^1.2.151":
  version "1.2.160"
  resolved "https://registry.yarnpkg.com/@swc/core/-/core-1.2.160.tgz#d91730a5021d4c8aef87855dde11fc8931496176"
  integrity sha512-nXoC7HA+aY7AtBPsiqGXocoRLAzzA7MV+InWQtILN7Uru4hB9+rLnLCPc3zSdg7pgnxJLa1tHup1Rz7Vv6TcIQ==
  optionalDependencies:
    "@swc/core-android-arm-eabi" "1.2.160"
    "@swc/core-android-arm64" "1.2.160"
    "@swc/core-darwin-arm64" "1.2.160"
    "@swc/core-darwin-x64" "1.2.160"
    "@swc/core-freebsd-x64" "1.2.160"
    "@swc/core-linux-arm-gnueabihf" "1.2.160"
    "@swc/core-linux-arm64-gnu" "1.2.160"
    "@swc/core-linux-arm64-musl" "1.2.160"
    "@swc/core-linux-x64-gnu" "1.2.160"
    "@swc/core-linux-x64-musl" "1.2.160"
    "@swc/core-win32-arm64-msvc" "1.2.160"
    "@swc/core-win32-ia32-msvc" "1.2.160"
    "@swc/core-win32-x64-msvc" "1.2.160"

"@types/lodash@^4.14.178":
  version "4.14.180"
  resolved "https://registry.yarnpkg.com/@types/lodash/-/lodash-4.14.180.tgz#4ab7c9ddfc92ec4a887886483bc14c79fb380670"
  integrity sha512-XOKXa1KIxtNXgASAnwj7cnttJxS4fksBRywK/9LzRV5YxrF80BXZIGeQSuoESQ/VkUj30Ae0+YcuHc15wJCB2g==

"@types/node-fetch@^2.5.12":
  version "2.6.1"
  resolved "https://registry.yarnpkg.com/@types/node-fetch/-/node-fetch-2.6.1.tgz#8f127c50481db65886800ef496f20bbf15518975"
  integrity sha512-oMqjURCaxoSIsHSr1E47QHzbmzNR5rK8McHuNb11BOM9cHcIK3Avy0s/b2JlXHoQGTYS3NsvWzV1M0iK7l0wbA==
  dependencies:
    "@types/node" "*"
    form-data "^3.0.0"

"@types/node@*", "@types/node@^17.0.23":
  version "17.0.23"
  resolved "https://registry.yarnpkg.com/@types/node/-/node-17.0.23.tgz#3b41a6e643589ac6442bdbd7a4a3ded62f33f7da"
  integrity sha512-UxDxWn7dl97rKVeVS61vErvw086aCYhDLyvRQZ5Rk65rZKepaFdm53GeqXaKBuOhED4e9uWq34IC3TdSdJJ2Gw==

"@types/romans@^2.0.0":
  version "2.0.0"
  resolved "https://registry.yarnpkg.com/@types/romans/-/romans-2.0.0.tgz#62894e2cdfb113c4ca94d573b72b7b753befdd1c"
  integrity sha512-HebzL/zDbrcpD6meV/QihYSnKjmr5D5+FVIuPEYXzyeHGV8BB588K5H4sMuhnDNH/hQHq9zDOzBLRIrLQyaBnQ==

"@types/signale@^1.4.2":
  version "1.4.4"
  resolved "https://registry.yarnpkg.com/@types/signale/-/signale-1.4.4.tgz#dbfd32b39f1084551ecda9ba0888e4fef49e9fea"
  integrity sha512-VYy4VL64gA4uyUIYVj4tiGFF0VpdnRbJeqNENKGX42toNiTvt83rRzxdr0XK4DR3V01zPM0JQNIsL+IwWWfhsQ==
  dependencies:
    "@types/node" "*"

"@types/ws@^8.2.2":
  version "8.5.3"
  resolved "https://registry.yarnpkg.com/@types/ws/-/ws-8.5.3.tgz#7d25a1ffbecd3c4f2d35068d0b283c037003274d"
  integrity sha512-6YOoWjruKj1uLf3INHH7D3qTXwFfEsg1kf3c0uDdSBJwfa/llkwIjrAGV7j7mVgGNbzTQ3HiHKKDXl6bJPD97w==
  dependencies:
    "@types/node" "*"

ansi-regex@^5.0.1:
  version "5.0.1"
  resolved "https://registry.yarnpkg.com/ansi-regex/-/ansi-regex-5.0.1.tgz#082cb2c89c9fe8659a311a53bd6a4dc5301db304"
  integrity sha512-quJQXlTSUGL2LH9SUXo8VwsY4soanhgo6LNSm84E1LBcE8s3O0wpdiRzyR9z/ZZJMlMWv37qOOb9pdJlMUEKFQ==

ansi-styles@^3.2.1:
  version "3.2.1"
  resolved "https://registry.yarnpkg.com/ansi-styles/-/ansi-styles-3.2.1.tgz#41fbb20243e50b12be0f04b8dedbf07520ce841d"
  integrity sha512-VT0ZI6kZRdTh8YyJw3SMbYm/u+NqfsAxEpWO0Pf9sq8/e94WxxOpPKx9FR1FlyCtOVDNOQ+8ntlqFxiRc+r5qA==
  dependencies:
    color-convert "^1.9.0"

asynckit@^0.4.0:
  version "0.4.0"
  resolved "https://registry.yarnpkg.com/asynckit/-/asynckit-0.4.0.tgz#c79ed97f7f34cb8f2ba1bc9790bcc366474b4b79"
  integrity sha1-x57Zf380y48robyXkLzDZkdLS3k=

bindings@^1.5.0:
  version "1.5.0"
  resolved "https://registry.yarnpkg.com/bindings/-/bindings-1.5.0.tgz#10353c9e945334bc0511a6d90b38fbc7c9c504df"
  integrity sha512-p2q/t/mhvuOj/UeLlV6566GD/guowlr0hHxClI0W9m7MWYkL1F0hLo+0Aexs9HSPCtR1SXQ0TD3MMKrXZajbiQ==
  dependencies:
    file-uri-to-path "1.0.0"

bufferutil@^4.0.6:
  version "4.0.6"
  resolved "https://registry.yarnpkg.com/bufferutil/-/bufferutil-4.0.6.tgz#ebd6c67c7922a0e902f053e5d8be5ec850e48433"
  integrity sha512-jduaYOYtnio4aIAyc6UbvPCVcgq7nYpVnucyxr6eCYg/Woad9Hf/oxxBRDnGGjPfjUm6j5O/uBWhIu4iLebFaw==
  dependencies:
    node-gyp-build "^4.3.0"

chalk@^2.3.2:
  version "2.4.2"
  resolved "https://registry.yarnpkg.com/chalk/-/chalk-2.4.2.tgz#cd42541677a54333cf541a49108c1432b44c9424"
  integrity sha512-Mti+f9lpJNcwF4tWV8/OrTTtF1gZi+f8FqlyAdouralcFWFQWF2+NgCHShjkCb+IFBLq9buZwE1xckQU4peSuQ==
  dependencies:
    ansi-styles "^3.2.1"
    escape-string-regexp "^1.0.5"
    supports-color "^5.3.0"

color-convert@^1.9.0:
  version "1.9.3"
  resolved "https://registry.yarnpkg.com/color-convert/-/color-convert-1.9.3.tgz#bb71850690e1f136567de629d2d5471deda4c1e8"
  integrity sha512-QfAUtd+vFdAtFQcC8CCyYt1fYWxSqAiK2cSD6zDB8N3cpsEBAvRxp9zOGg6G/SHHJYAT88/az/IuDGALsNVbGg==
  dependencies:
    color-name "1.1.3"

color-name@1.1.3:
  version "1.1.3"
  resolved "https://registry.yarnpkg.com/color-name/-/color-name-1.1.3.tgz#a7d0558bd89c42f795dd42328f740831ca53bc25"
  integrity sha1-p9BVi9icQveV3UIyj3QIMcpTvCU=

combined-stream@^1.0.8:
  version "1.0.8"
  resolved "https://registry.yarnpkg.com/combined-stream/-/combined-stream-1.0.8.tgz#c3d45a8b34fd730631a110a8a2520682b31d5a7f"
  integrity sha512-FQN4MRfuJeHf7cBbBMJFXhKSDq+2kAArBlmRBvcvFE5BB1HZKXtSFASDhdlz9zOYwxh8lDdnvmMOe/+5cdoEdg==
  dependencies:
    delayed-stream "~1.0.0"

cross-spawn@^7.0.3:
  version "7.0.3"
  resolved "https://registry.yarnpkg.com/cross-spawn/-/cross-spawn-7.0.3.tgz#f73a85b9d5d41d045551c177e2882d4ac85728a6"
  integrity sha512-iRDPJKUPVEND7dHPO8rkbOnPpyDygcDFtWjpeWNCgy8WP2rXcxXL8TskReQl6OrB2G7+UJrags1q15Fudc7G6w==
  dependencies:
    path-key "^3.1.0"
    shebang-command "^2.0.0"
    which "^2.0.1"

delayed-stream@~1.0.0:
  version "1.0.0"
  resolved "https://registry.yarnpkg.com/delayed-stream/-/delayed-stream-1.0.0.tgz#df3ae199acadfb7d440aaae0b29e2272b24ec619"
  integrity sha1-3zrhmayt+31ECqrgsp4icrJOxhk=

discord-api-types@^0.26.0, discord-api-types@^0.26.1:
  version "0.26.1"
  resolved "https://registry.yarnpkg.com/discord-api-types/-/discord-api-types-0.26.1.tgz#726f766ddc37d60da95740991d22cb6ef2ed787b"
  integrity sha512-T5PdMQ+Y1MEECYMV5wmyi9VEYPagEDEi4S0amgsszpWY0VB9JJ/hEvM6BgLhbdnKky4gfmZEXtEEtojN8ZKJQQ==

discord-api-types@^0.28.0:
  version "0.28.0"
  resolved "https://registry.yarnpkg.com/discord-api-types/-/discord-api-types-0.28.0.tgz#59c4a3649d5bad0d3dd4684f595dc5ade79c30a5"
  integrity sha512-Gi36pbzV+2j0q/XPlDJEgX/R+wogLxU2BZFvfTMUHHAQYXqwvqj4iZP5YUGOfKimmJc79rDRrtSPUGz2t4S4GQ==

discord.js@^13.3.1:
  version "13.6.0"
  resolved "https://registry.yarnpkg.com/discord.js/-/discord.js-13.6.0.tgz#d8a8a591dbf25cbcf9c783d5ddf22c4694860475"
  integrity sha512-tXNR8zgsEPxPBvGk3AQjJ9ljIIC6/LOPjzKwpwz8Y1Q2X66Vi3ZqFgRHYwnHKC0jC0F+l4LzxlhmOJsBZDNg9g==
  dependencies:
    "@discordjs/builders" "^0.11.0"
    "@discordjs/collection" "^0.4.0"
    "@sapphire/async-queue" "^1.1.9"
    "@types/node-fetch" "^2.5.12"
    "@types/ws" "^8.2.2"
    discord-api-types "^0.26.0"
    form-data "^4.0.0"
    node-fetch "^2.6.1"
    ws "^8.4.0"

dotenv@^10.0.0:
  version "10.0.0"
  resolved "https://registry.yarnpkg.com/dotenv/-/dotenv-10.0.0.tgz#3d4227b8fb95f81096cdd2b66653fb2c7085ba81"
  integrity sha512-rlBi9d8jpv9Sf1klPjNfFAuWDjKLwTIJJ/VxtoTwIR6hnZxcEOQCZg2oIL3MWBYw5GpUDKOEnND7LXTbIpQ03Q==

duplexer@~0.1.1:
  version "0.1.2"
  resolved "https://registry.yarnpkg.com/duplexer/-/duplexer-0.1.2.tgz#3abe43aef3835f8ae077d136ddce0f276b0400e6"
  integrity sha512-jtD6YG370ZCIi/9GTaJKQxWTZD045+4R4hTk/x1UyoqadyJ9x9CgSi1RlVDQF8U2sxLLSnFkCaMihqljHIWgMg==

erlpack@^0.1.4:
  version "0.1.4"
  resolved "https://registry.yarnpkg.com/erlpack/-/erlpack-0.1.4.tgz#018758a53206b8e9ba1f6c58a6766e3ba261a113"
  integrity sha512-CJYbkEvsB5FqCCu2tLxF1eYKi28PvemC12oqzJ9oO6mDFrFO9G9G7nNJUHhiAyyL9zfXTOJx/tOcrQk+ncD65w==
  dependencies:
    bindings "^1.5.0"
    nan "^2.15.0"

error-ex@^1.3.1:
  version "1.3.2"
  resolved "https://registry.yarnpkg.com/error-ex/-/error-ex-1.3.2.tgz#b4ac40648107fdcdcfae242f428bea8a14d4f1bf"
  integrity sha512-7dFHNmqeFSEt2ZBsCriorKnn3Z2pj+fd9kmI6QoWw4//DL+icEBfc0U7qJCisqrTsKTjw4fNFy2pW9OqStD84g==
  dependencies:
    is-arrayish "^0.2.1"

escape-string-regexp@^1.0.5:
  version "1.0.5"
  resolved "https://registry.yarnpkg.com/escape-string-regexp/-/escape-string-regexp-1.0.5.tgz#1b61c0562190a8dff6ae3bb2cf0200ca130b86d4"
  integrity sha1-G2HAViGQqN/2rjuyzwIAyhMLhtQ=

event-stream@=3.3.4:
  version "3.3.4"
  resolved "https://registry.yarnpkg.com/event-stream/-/event-stream-3.3.4.tgz#4ab4c9a0f5a54db9338b4c34d86bfce8f4b35571"
  integrity sha1-SrTJoPWlTbkzi0w02Gv86PSzVXE=
  dependencies:
    duplexer "~0.1.1"
    from "~0"
    map-stream "~0.1.0"
    pause-stream "0.0.11"
    split "0.3"
    stream-combiner "~0.0.4"
    through "~2.3.1"

figures@^2.0.0:
  version "2.0.0"
  resolved "https://registry.yarnpkg.com/figures/-/figures-2.0.0.tgz#3ab1a2d2a62c8bfb431a0c94cb797a2fce27c962"
  integrity sha1-OrGi0qYsi/tDGgyUy3l6L84nyWI=
  dependencies:
    escape-string-regexp "^1.0.5"

file-uri-to-path@1.0.0:
  version "1.0.0"
  resolved "https://registry.yarnpkg.com/file-uri-to-path/-/file-uri-to-path-1.0.0.tgz#553a7b8446ff6f684359c445f1e37a05dacc33dd"
  integrity sha512-0Zt+s3L7Vf1biwWZ29aARiVYLx7iMGnEUl9x33fbB/j3jR81u/O2LbqK+Bm1CDSNDKVtJ/YjwY7TUd5SkeLQLw==

find-up@^2.0.0:
  version "2.1.0"
  resolved "https://registry.yarnpkg.com/find-up/-/find-up-2.1.0.tgz#45d1b7e506c717ddd482775a2b77920a3c0c57a7"
  integrity sha1-RdG35QbHF93UgndaK3eSCjwMV6c=
  dependencies:
    locate-path "^2.0.0"

form-data@^3.0.0:
  version "3.0.1"
  resolved "https://registry.yarnpkg.com/form-data/-/form-data-3.0.1.tgz#ebd53791b78356a99af9a300d4282c4d5eb9755f"
  integrity sha512-RHkBKtLWUVwd7SqRIvCZMEvAMoGUp0XU+seQiZejj0COz3RI3hWP4sCv3gZWWLjJTd7rGwcsF5eKZGii0r/hbg==
  dependencies:
    asynckit "^0.4.0"
    combined-stream "^1.0.8"
    mime-types "^2.1.12"

form-data@^4.0.0:
  version "4.0.0"
  resolved "https://registry.yarnpkg.com/form-data/-/form-data-4.0.0.tgz#93919daeaf361ee529584b9b31664dc12c9fa452"
  integrity sha512-ETEklSGi5t0QMZuiXoA/Q6vcnxcLQP5vdugSpuAyi6SVGi2clPPp+xgEhuMaHC+zGgn31Kd235W35f7Hykkaww==
  dependencies:
    asynckit "^0.4.0"
    combined-stream "^1.0.8"
    mime-types "^2.1.12"

from@~0:
  version "0.1.7"
  resolved "https://registry.yarnpkg.com/from/-/from-0.1.7.tgz#83c60afc58b9c56997007ed1a768b3ab303a44fe"
  integrity sha1-g8YK/Fi5xWmXAH7Rp2izqzA6RP4=

fuse.js@^6.5.3:
  version "6.5.3"
  resolved "https://registry.yarnpkg.com/fuse.js/-/fuse.js-6.5.3.tgz#7446c0acbc4ab0ab36fa602e97499bdb69452b93"
  integrity sha512-sA5etGE7yD/pOqivZRBvUBd/NaL2sjAu6QuSaFoe1H2BrJSkH/T/UXAJ8CdXdw7DvY3Hs8CXKYkDWX7RiP5KOg==

graceful-fs@^4.1.2:
  version "4.2.9"
  resolved "https://registry.yarnpkg.com/graceful-fs/-/graceful-fs-4.2.9.tgz#041b05df45755e587a24942279b9d113146e1c96"
  integrity sha512-NtNxqUcXgpW2iMrfqSfR73Glt39K+BLwWsPs94yR63v45T0Wbej7eRmL5cWfwEgqXnmjQp3zaJTshdRW/qC2ZQ==

graphql@^16.3.0:
  version "16.3.0"
  resolved "https://registry.yarnpkg.com/graphql/-/graphql-16.3.0.tgz#a91e24d10babf9e60c706919bb182b53ccdffc05"
  integrity sha512-xm+ANmA16BzCT5pLjuXySbQVFwH3oJctUVdy81w1sV0vBU0KgDdBGtxQOUd5zqOBk/JayAFeG8Dlmeq74rjm/A==

has-flag@^3.0.0:
  version "3.0.0"
  resolved "https://registry.yarnpkg.com/has-flag/-/has-flag-3.0.0.tgz#b5d454dc2199ae225699f3467e5a07f3b955bafd"
  integrity sha1-tdRU3CGZriJWmfNGfloH87lVuv0=

is-arrayish@^0.2.1:
  version "0.2.1"
  resolved "https://registry.yarnpkg.com/is-arrayish/-/is-arrayish-0.2.1.tgz#77c99840527aa8ecb1a8ba697b80645a7a926a9d"
  integrity sha1-d8mYQFJ6qOyxqLppe4BkWnqSap0=

isexe@^2.0.0:
  version "2.0.0"
  resolved "https://registry.yarnpkg.com/isexe/-/isexe-2.0.0.tgz#e8fbf374dc556ff8947a10dcb0572d633f2cfa10"
  integrity sha1-6PvzdNxVb/iUehDcsFctYz8s+hA=

json-parse-better-errors@^1.0.1:
  version "1.0.2"
  resolved "https://registry.yarnpkg.com/json-parse-better-errors/-/json-parse-better-errors-1.0.2.tgz#bb867cfb3450e69107c131d1c514bab3dc8bcaa9"
  integrity sha512-mrqyZKfX5EhL7hvqcV6WG1yYjnjeuYDzDhhcAAUrq8Po85NBQBJP+ZDUT75qZQ98IkUoBqdkExkukOU7Ts2wrw==

load-json-file@^4.0.0:
  version "4.0.0"
  resolved "https://registry.yarnpkg.com/load-json-file/-/load-json-file-4.0.0.tgz#2f5f45ab91e33216234fd53adab668eb4ec0993b"
  integrity sha1-L19Fq5HjMhYjT9U62rZo607AmTs=
  dependencies:
    graceful-fs "^4.1.2"
    parse-json "^4.0.0"
    pify "^3.0.0"
    strip-bom "^3.0.0"

locate-path@^2.0.0:
  version "2.0.0"
  resolved "https://registry.yarnpkg.com/locate-path/-/locate-path-2.0.0.tgz#2b568b265eec944c6d9c0de9c3dbbbca0354cd8e"
  integrity sha1-K1aLJl7slExtnA3pw9u7ygNUzY4=
  dependencies:
    p-locate "^2.0.0"
    path-exists "^3.0.0"

lodash@^4.17.21:
  version "4.17.21"
  resolved "https://registry.yarnpkg.com/lodash/-/lodash-4.17.21.tgz#679591c564c3bffaae8454cf0b3df370c3d6911c"
  integrity sha512-v2kDEe57lecTulaDIuNTPy3Ry4gLGJ6Z1O3vE1krgXZNrsQ+LFTGHVxVjcXPs17LhbZVGedAJv8XZ1tvj5FvSg==

map-stream@~0.1.0:
  version "0.1.0"
  resolved "https://registry.yarnpkg.com/map-stream/-/map-stream-0.1.0.tgz#e56aa94c4c8055a16404a0674b78f215f7c8e194"
  integrity sha1-5WqpTEyAVaFkBKBnS3jyFffI4ZQ=

mime-db@1.52.0:
  version "1.52.0"
  resolved "https://registry.yarnpkg.com/mime-db/-/mime-db-1.52.0.tgz#bbabcdc02859f4987301c856e3387ce5ec43bf70"
  integrity sha512-sPU4uV7dYlvtWJxwwxHD0PuihVNiE7TyAbQ5SWxDCB9mUYvOgroQOwYQQOKPJ8CIbE+1ETVlOoK1UC2nU3gYvg==

mime-types@^2.1.12:
  version "2.1.35"
  resolved "https://registry.yarnpkg.com/mime-types/-/mime-types-2.1.35.tgz#381a871b62a734450660ae3deee44813f70d959a"
  integrity sha512-ZDY+bPm5zTTF+YpCrAU9nK0UgICYPT0QtT1NZWFv4s++TNkcgVaT0g6+4R2uI4MjQjzysHB1zxuWL50hzaeXiw==
  dependencies:
    mime-db "1.52.0"

nan@^2.14.0, nan@^2.15.0:
  version "2.15.0"
  resolved "https://registry.yarnpkg.com/nan/-/nan-2.15.0.tgz#3f34a473ff18e15c1b5626b62903b5ad6e665fee"
  integrity sha512-8ZtvEnA2c5aYCZYd1cvgdnU6cqwixRoYg70xPLWUws5ORTa/lnw+u4amixRS/Ac5U5mQVgp9pnlSUnbNWFaWZQ==

node-cleanup@^2.1.2:
  version "2.1.2"
  resolved "https://registry.yarnpkg.com/node-cleanup/-/node-cleanup-2.1.2.tgz#7ac19abd297e09a7f72a71545d951b517e4dde2c"
  integrity sha1-esGavSl+Caf3KnFUXZUbUX5N3iw=

node-fetch@^2.6.1, node-fetch@^2.6.5:
  version "2.6.7"
  resolved "https://registry.yarnpkg.com/node-fetch/-/node-fetch-2.6.7.tgz#24de9fba827e3b4ae44dc8b20256a379160052ad"
  integrity sha512-ZjMPFEfVx5j+y2yF35Kzx5sF7kDzxuDj6ziH4FFbOp87zKDZNx8yExJIb05OGF4Nlt9IHFIMBkRl41VdvcNdbQ==
  dependencies:
    whatwg-url "^5.0.0"

node-gyp-build@^4.3.0:
  version "4.3.0"
  resolved "https://registry.yarnpkg.com/node-gyp-build/-/node-gyp-build-4.3.0.tgz#9f256b03e5826150be39c764bf51e993946d71a3"
  integrity sha512-iWjXZvmboq0ja1pUGULQBexmxq8CV4xBhX7VDOTbL7ZR4FOowwY/VOtRxBN/yKxmdGoIp4j5ysNT4u3S2pDQ3Q==

p-debounce@^4.0.0:
  version "4.0.0"
  resolved "https://registry.yarnpkg.com/p-debounce/-/p-debounce-4.0.0.tgz#348e3f44489baa9435cc7d807f17b3bb2fb16b24"
  integrity sha512-4Ispi9I9qYGO4lueiLDhe4q4iK5ERK8reLsuzH6BPaXn53EGaua8H66PXIFGrW897hwjXp+pVLrm/DLxN0RF0A==

p-limit@^1.1.0:
  version "1.3.0"
  resolved "https://registry.yarnpkg.com/p-limit/-/p-limit-1.3.0.tgz#b86bd5f0c25690911c7590fcbfc2010d54b3ccb8"
  integrity sha512-vvcXsLAJ9Dr5rQOPk7toZQZJApBl2K4J6dANSsEuh6QI41JYcsS/qhTGa9ErIUUgK3WNQoJYvylxvjqmiqEA9Q==
  dependencies:
    p-try "^1.0.0"

p-locate@^2.0.0:
  version "2.0.0"
  resolved "https://registry.yarnpkg.com/p-locate/-/p-locate-2.0.0.tgz#20a0103b222a70c8fd39cc2e580680f3dde5ec43"
  integrity sha1-IKAQOyIqcMj9OcwuWAaA893l7EM=
  dependencies:
    p-limit "^1.1.0"

p-try@^1.0.0:
  version "1.0.0"
  resolved "https://registry.yarnpkg.com/p-try/-/p-try-1.0.0.tgz#cbc79cdbaf8fd4228e13f621f2b1a237c1b207b3"
  integrity sha1-y8ec26+P1CKOE/Yh8rGiN8GyB7M=

parse-json@^4.0.0:
  version "4.0.0"
  resolved "https://registry.yarnpkg.com/parse-json/-/parse-json-4.0.0.tgz#be35f5425be1f7f6c747184f98a788cb99477ee0"
  integrity sha1-vjX1Qlvh9/bHRxhPmKeIy5lHfuA=
  dependencies:
    error-ex "^1.3.1"
    json-parse-better-errors "^1.0.1"

path-exists@^3.0.0:
  version "3.0.0"
  resolved "https://registry.yarnpkg.com/path-exists/-/path-exists-3.0.0.tgz#ce0ebeaa5f78cb18925ea7d810d7b59b010fd515"
  integrity sha1-zg6+ql94yxiSXqfYENe1mwEP1RU=

path-key@^3.1.0:
  version "3.1.1"
  resolved "https://registry.yarnpkg.com/path-key/-/path-key-3.1.1.tgz#581f6ade658cbba65a0d3380de7753295054f375"
  integrity sha512-ojmeN0qd+y0jszEtoY48r0Peq5dwMEkIlCOu6Q5f41lfkswXuKtYrhgoTpLnyIcHm24Uhqx+5Tqm2InSwLhE6Q==

pause-stream@0.0.11:
  version "0.0.11"
  resolved "https://registry.yarnpkg.com/pause-stream/-/pause-stream-0.0.11.tgz#fe5a34b0cbce12b5aa6a2b403ee2e73b602f1445"
  integrity sha1-/lo0sMvOErWqaitAPuLnO2AvFEU=
  dependencies:
    through "~2.3"

pify@^3.0.0:
  version "3.0.0"
  resolved "https://registry.yarnpkg.com/pify/-/pify-3.0.0.tgz#e5a4acd2c101fdf3d9a4d07f0dbc4db49dd28176"
  integrity sha1-5aSs0sEB/fPZpNB/DbxNtJ3SgXY=

pkg-conf@^2.1.0:
  version "2.1.0"
  resolved "https://registry.yarnpkg.com/pkg-conf/-/pkg-conf-2.1.0.tgz#2126514ca6f2abfebd168596df18ba57867f0058"
  integrity sha1-ISZRTKbyq/69FoWW3xi6V4Z/AFg=
  dependencies:
    find-up "^2.0.0"
    load-json-file "^4.0.0"

prettier-plugin-organize-imports@^2.3.4:
  version "2.3.4"
  resolved "https://registry.yarnpkg.com/prettier-plugin-organize-imports/-/prettier-plugin-organize-imports-2.3.4.tgz#65473861ae5ab7960439fff270a2258558fbe9ba"
  integrity sha512-R8o23sf5iVL/U71h9SFUdhdOEPsi3nm42FD/oDYIZ2PQa4TNWWuWecxln6jlIQzpZTDMUeO1NicJP6lLn2TtRw==

prettier@^2.5.1:
  version "2.6.0"
  resolved "https://registry.yarnpkg.com/prettier/-/prettier-2.6.0.tgz#12f8f504c4d8ddb76475f441337542fa799207d4"
  integrity sha512-m2FgJibYrBGGgQXNzfd0PuDGShJgRavjUoRCw1mZERIWVSXF0iLzLm+aOqTAbLnC3n6JzUhAA8uZnFVghHJ86A==

prisma@^3.10.0:
  version "3.11.0"
  resolved "https://registry.yarnpkg.com/prisma/-/prisma-3.11.0.tgz#0e384e9d36785711b579fda60117a2d41f79c72c"
  integrity sha512-8SdsLPhKR3mOfoo2o73h9mNn3v5kA/RqGA26Sv6qDS78Eh2uepPqt5e8/nwj5EOblYm5HEGuitaXQrOCLb6uTw==
  dependencies:
    "@prisma/engines" "3.11.0-48.b371888aaf8f51357c7457d836b86d12da91658b"

ps-tree@^1.2.0:
  version "1.2.0"
  resolved "https://registry.yarnpkg.com/ps-tree/-/ps-tree-1.2.0.tgz#5e7425b89508736cdd4f2224d028f7bb3f722ebd"
  integrity sha512-0VnamPPYHl4uaU/nSFeZZpR21QAWRz+sRv4iW9+v/GS/J5U5iZB5BNN6J0RMoOvdx2gWM2+ZFMIm58q24e4UYA==
  dependencies:
    event-stream "=3.3.4"

romans@^2.0.3:
  version "2.0.4"
  resolved "https://registry.yarnpkg.com/romans/-/romans-2.0.4.tgz#42d44f5a3f8a22be4a26d34c6cd456e09d8a030c"
  integrity sha512-O+kcjTXobK/kEp3jq+kmA/0xb9gKVsqXMerqE/Bv5BvqIOjZwXkVmKootIV8oPJ7cV80urpefeXbw2ZVL7RgeQ==

shebang-command@^2.0.0:
  version "2.0.0"
  resolved "https://registry.yarnpkg.com/shebang-command/-/shebang-command-2.0.0.tgz#ccd0af4f8835fbdc265b82461aaf0c36663f34ea"
  integrity sha512-kHxr2zZpYtdmrN1qDjrrX/Z1rR1kG8Dx+gkpK1G4eXmvXswmcE1hTWBWYUzlraYw1/yZp6YuDY77YtvbN0dmDA==
  dependencies:
    shebang-regex "^3.0.0"

shebang-regex@^3.0.0:
  version "3.0.0"
  resolved "https://registry.yarnpkg.com/shebang-regex/-/shebang-regex-3.0.0.tgz#ae16f1644d873ecad843b0307b143362d4c42172"
  integrity sha512-7++dFhtcx3353uBaq8DDR4NuxBetBzC7ZQOhmTQInHEd6bSrXdiEyzCvG07Z44UYdLShWUyXt5M/yhz8ekcb1A==

signale@^1.4.0:
  version "1.4.0"
  resolved "https://registry.yarnpkg.com/signale/-/signale-1.4.0.tgz#c4be58302fb0262ac00fc3d886a7c113759042f1"
  integrity sha512-iuh+gPf28RkltuJC7W5MRi6XAjTDCAPC/prJUpQoG4vIP3MJZ+GTydVnodXA7pwvTKb2cA0m9OFZW/cdWy/I/w==
  dependencies:
    chalk "^2.3.2"
    figures "^2.0.0"
    pkg-conf "^2.1.0"

split@0.3:
  version "0.3.3"
  resolved "https://registry.yarnpkg.com/split/-/split-0.3.3.tgz#cd0eea5e63a211dfff7eb0f091c4133e2d0dd28f"
  integrity sha1-zQ7qXmOiEd//frDwkcQTPi0N0o8=
  dependencies:
    through "2"

stream-combiner@~0.0.4:
  version "0.0.4"
  resolved "https://registry.yarnpkg.com/stream-combiner/-/stream-combiner-0.0.4.tgz#4d5e433c185261dde623ca3f44c586bcf5c4ad14"
  integrity sha1-TV5DPBhSYd3mI8o/RMWGvPXErRQ=
  dependencies:
    duplexer "~0.1.1"

string-argv@^0.1.1:
  version "0.1.2"
  resolved "https://registry.yarnpkg.com/string-argv/-/string-argv-0.1.2.tgz#c5b7bc03fb2b11983ba3a72333dd0559e77e4738"
  integrity sha512-mBqPGEOMNJKXRo7z0keX0wlAhbBAjilUdPW13nN0PecVryZxdHIeM7TqbsSUA7VYuS00HGC6mojP7DlQzfa9ZA==

strip-ansi@^6.0.0:
  version "6.0.1"
  resolved "https://registry.yarnpkg.com/strip-ansi/-/strip-ansi-6.0.1.tgz#9e26c63d30f53443e9489495b2105d37b67a85d9"
  integrity sha512-Y38VPSHcqkFrCpFnQ9vuSXmquuv5oXOKpGeT6aGrr3o3Gc9AlVa6JBfUSOCnbxGGZF+/0ooI7KrPuUSztUdU5A==
  dependencies:
    ansi-regex "^5.0.1"

strip-bom@^3.0.0:
  version "3.0.0"
  resolved "https://registry.yarnpkg.com/strip-bom/-/strip-bom-3.0.0.tgz#2334c18e9c759f7bdd56fdef7e9ae3d588e68ed3"
  integrity sha1-IzTBjpx1n3vdVv3vfprj1YjmjtM=

supports-color@^5.3.0:
  version "5.5.0"
  resolved "https://registry.yarnpkg.com/supports-color/-/supports-color-5.5.0.tgz#e2e69a44ac8772f78a1ec0b35b689df6530efc8f"
  integrity sha512-QjVjwdXIt408MIiAqCX4oUKsgU2EqAGzs2Ppkm4aQYbjm+ZEWEcW4SfFNTr4uMNZma0ey4f5lgLrkB0aX0QMow==
  dependencies:
    has-flag "^3.0.0"

through@2, through@~2.3, through@~2.3.1:
  version "2.3.8"
  resolved "https://registry.yarnpkg.com/through/-/through-2.3.8.tgz#0dd4c9ffaabc357960b1b724115d7e0e86a2e1f5"
  integrity sha1-DdTJ/6q8NXlgsbckEV1+Doai4fU=

tr46@~0.0.3:
  version "0.0.3"
  resolved "https://registry.yarnpkg.com/tr46/-/tr46-0.0.3.tgz#8184fd347dac9cdc185992f3a6622e14b9d9ab6a"
  integrity sha1-gYT9NH2snNwYWZLzpmIuFLnZq2o=

ts-mixer@^6.0.0:
  version "6.0.1"
  resolved "https://registry.yarnpkg.com/ts-mixer/-/ts-mixer-6.0.1.tgz#7c2627fb98047eb5f3c7f2fee39d1521d18fe87a"
  integrity sha512-hvE+ZYXuINrx6Ei6D6hz+PTim0Uf++dYbK9FFifLNwQj+RwKquhQpn868yZsCtJYiclZF1u8l6WZxxKi+vv7Rg==

tsc-watch@^4.6.2:
  version "4.6.2"
  resolved "https://registry.yarnpkg.com/tsc-watch/-/tsc-watch-4.6.2.tgz#4267ee6acddb608356573ba96024fa250eb22cac"
  integrity sha512-eHWzZGkPmzXVGQKbqQgf3BFpGiZZw1jQ29ZOJeaSe8JfyUvphbd221NfXmmsJUGGPGA/nnaSS01tXipUcyxAxg==
  dependencies:
    cross-spawn "^7.0.3"
    node-cleanup "^2.1.2"
    ps-tree "^1.2.0"
    string-argv "^0.1.1"
    strip-ansi "^6.0.0"

tslib@^2.3.1:
  version "2.3.1"
  resolved "https://registry.yarnpkg.com/tslib/-/tslib-2.3.1.tgz#e8a335add5ceae51aa261d32a490158ef042ef01"
  integrity sha512-77EbyPPpMz+FRFRuAFlWMtmgUWGe9UOG2Z25NqCwiIjRhOf5iKGuzSe5P2w1laq+FkRy4p+PCuVkJSGkzTEKVw==

typescript@^4.5.4:
  version "4.6.2"
  resolved "https://registry.yarnpkg.com/typescript/-/typescript-4.6.2.tgz#fe12d2727b708f4eef40f51598b3398baa9611d4"
  integrity sha512-HM/hFigTBHZhLXshn9sN37H085+hQGeJHJ/X7LpBWLID/fbc2acUMfU+lGD98X81sKP+pFa9f0DZmCwB9GnbAg==

utf-8-validate@^5.0.8:
  version "5.0.9"
  resolved "https://registry.yarnpkg.com/utf-8-validate/-/utf-8-validate-5.0.9.tgz#ba16a822fbeedff1a58918f2a6a6b36387493ea3"
  integrity sha512-Yek7dAy0v3Kl0orwMlvi7TPtiCNrdfHNd7Gcc/pLq4BLXqfAmd0J7OWMizUQnTTJsyjKn02mU7anqwfmUP4J8Q==
  dependencies:
    node-gyp-build "^4.3.0"

webidl-conversions@^3.0.0:
  version "3.0.1"
  resolved "https://registry.yarnpkg.com/webidl-conversions/-/webidl-conversions-3.0.1.tgz#24534275e2a7bc6be7bc86611cc16ae0a5654871"
  integrity sha1-JFNCdeKnvGvnvIZhHMFq4KVlSHE=

whatwg-url@^5.0.0:
  version "5.0.0"
  resolved "https://registry.yarnpkg.com/whatwg-url/-/whatwg-url-5.0.0.tgz#966454e8765462e37644d3626f6742ce8b70965d"
  integrity sha1-lmRU6HZUYuN2RNNib2dCzotwll0=
  dependencies:
    tr46 "~0.0.3"
    webidl-conversions "^3.0.0"

which@^2.0.1:
  version "2.0.2"
  resolved "https://registry.yarnpkg.com/which/-/which-2.0.2.tgz#7c6a8dd0a636a0327e10b59c9286eee93f3f51b1"
  integrity sha512-BLI3Tl1TW3Pvl70l3yq3Y64i+awpwXqsGBYWkkqMtnbXgrMD+yj7rhW0kuEDxzJaYXGjEW5ogapKNMEKNMjibA==
  dependencies:
    isexe "^2.0.0"

ws@^8.4.0:
  version "8.5.0"
  resolved "https://registry.yarnpkg.com/ws/-/ws-8.5.0.tgz#bfb4be96600757fe5382de12c670dab984a1ed4f"
  integrity sha512-BWX0SWVgLPzYwF8lTzEy1egjhS4S4OEAHfsO8o65WOVsrnSRGaSiUaa9e0ggGlkMTtBlmOpEXiie9RUcBO86qg==

zlib-sync@^0.1.7:
  version "0.1.7"
  resolved "https://registry.yarnpkg.com/zlib-sync/-/zlib-sync-0.1.7.tgz#b0b24f9428e434943e306ad586428ef8baf3ed60"
  integrity sha512-UmciU6ZrIwtwPC8noMzq+kGMdiWwNRZ3wC0SbED4Ew5Ikqx14MqDPRs/Pbk+3rZPh5SzsOgUBs1WRE0iieddpg==
  dependencies:
    nan "^2.14.0"

zod@^3.11.6:
  version "3.14.2"
  resolved "https://registry.yarnpkg.com/zod/-/zod-3.14.2.tgz#0b4ed79085c471adce0e7f2c0a4fbb5ddc516ba2"
  integrity sha512-iF+wrtzz7fQfkmn60PG6XFxaWBhYYKzp2i+nv24WbLUWb2JjymdkHlzBwP0erpc78WotwP5g9AAu7Sk8GWVVNw==
